// !$*UTF8*$!
{
	archiveVersion = 1;
	classes = {
	};
	objectVersion = 77;
	objects = {

/* Begin PBXContainerItemProxy section */
		578714832DE5CCBE00FEA5CD /* PBXContainerItemProxy */ = {
			isa = PBXContainerItemProxy;
			containerPortal = 5787146D2DE5CCBC00FEA5CD /* Project object */;
			proxyType = 1;
			remoteGlobalIDString = 578714742DE5CCBC00FEA5CD;
			remoteInfo = KibleBulucu;
		};
		5787148D2DE5CCBE00FEA5CD /* PBXContainerItemProxy */ = {
			isa = PBXContainerItemProxy;
			containerPortal = 5787146D2DE5CCBC00FEA5CD /* Project object */;
			proxyType = 1;
			remoteGlobalIDString = 578714742DE5CCBC00FEA5CD;
			remoteInfo = KibleBulucu;
		};
/* End PBXContainerItemProxy section */

/* Begin PBXFileReference section */
		578714752DE5CCBC00FEA5CD /* KibleBulucu.app */ = {isa = PBXFileReference; explicitFileType = wrapper.application; includeInIndex = 0; path = KibleBulucu.app; sourceTree = BUILT_PRODUCTS_DIR; };
		578714822DE5CCBE00FEA5CD /* KibleBulucuTests.xctest */ = {isa = PBXFileReference; explicitFileType = wrapper.cfbundle; includeInIndex = 0; path = KibleBulucuTests.xctest; sourceTree = BUILT_PRODUCTS_DIR; };
		5787148C2DE5CCBE00FEA5CD /* KibleBulucuUITests.xctest */ = {isa = PBXFileReference; explicitFileType = wrapper.cfbundle; includeInIndex = 0; path = KibleBulucuUITests.xctest; sourceTree = BUILT_PRODUCTS_DIR; };
/* End PBXFileReference section */

/* Begin PBXFileSystemSynchronizedRootGroup section */
		578714772DE5CCBC00FEA5CD /* KibleBulucu */ = {
			isa = PBXFileSystemSynchronizedRootGroup;
			path = KibleBulucu;
			sourceTree = "<group>";
		};
		578714852DE5CCBE00FEA5CD /* KibleBulucuTests */ = {
			isa = PBXFileSystemSynchronizedRootGroup;
			path = KibleBulucuTests;
			sourceTree = "<group>";
		};
		5787148F2DE5CCBE00FEA5CD /* KibleBulucuUITests */ = {
			isa = PBXFileSystemSynchronizedRootGroup;
			path = KibleBulucuUITests;
			sourceTree = "<group>";
		};
/* End PBXFileSystemSynchronizedRootGroup section */

/* Begin PBXFrameworksBuildPhase section */
		578714722DE5CCBC00FEA5CD /* Frameworks */ = {
			isa = PBXFrameworksBuildPhase;
			buildActionMask = 2147483647;
			files = (
			);
			runOnlyForDeploymentPostprocessing = 0;
		};
		5787147F2DE5CCBE00FEA5CD /* Frameworks */ = {
			isa = PBXFrameworksBuildPhase;
			buildActionMask = 2147483647;
			files = (
			);
			runOnlyForDeploymentPostprocessing = 0;
		};
		578714892DE5CCBE00FEA5CD /* Frameworks */ = {
			isa = PBXFrameworksBuildPhase;
			buildActionMask = 2147483647;
			files = (
			);
			runOnlyForDeploymentPostprocessing = 0;
		};
/* End PBXFrameworksBuildPhase section */

/* Begin PBXGroup section */
		5787146C2DE5CCBC00FEA5CD = {
			isa = PBXGroup;
			children = (
				578714772DE5CCBC00FEA5CD /* KibleBulucu */,
				578714852DE5CCBE00FEA5CD /* KibleBulucuTests */,
				5787148F2DE5CCBE00FEA5CD /* KibleBulucuUITests */,
				578714762DE5CCBC00FEA5CD /* Products */,
			);
			sourceTree = "<group>";
		};
		578714762DE5CCBC00FEA5CD /* Products */ = {
			isa = PBXGroup;
			children = (
				578714752DE5CCBC00FEA5CD /* KibleBulucu.app */,
				578714822DE5CCBE00FEA5CD /* KibleBulucuTests.xctest */,
				5787148C2DE5CCBE00FEA5CD /* KibleBulucuUITests.xctest */,
			);
			name = Products;
			sourceTree = "<group>";
		};
/* End PBXGroup section */

/* Begin PBXNativeTarget section */
		578714742DE5CCBC00FEA5CD /* KibleBulucu */ = {
			isa = PBXNativeTarget;
			buildConfigurationList = 578714962DE5CCBE00FEA5CD /* Build configuration list for PBXNativeTarget "KibleBulucu" */;
			buildPhases = (
				578714712DE5CCBC00FEA5CD /* Sources */,
				578714722DE5CCBC00FEA5CD /* Frameworks */,
				578714732DE5CCBC00FEA5CD /* Resources */,
			);
			buildRules = (
			);
			dependencies = (
			);
			fileSystemSynchronizedGroups = (
				578714772DE5CCBC00FEA5CD /* KibleBulucu */,
			);
			name = KibleBulucu;
			packageProductDependencies = (
			);
			productName = KibleBulucu;
			productReference = 578714752DE5CCBC00FEA5CD /* KibleBulucu.app */;
			productType = "com.apple.product-type.application";
		};
		578714812DE5CCBE00FEA5CD /* KibleBulucuTests */ = {
			isa = PBXNativeTarget;
			buildConfigurationList = 578714992DE5CCBE00FEA5CD /* Build configuration list for PBXNativeTarget "KibleBulucuTests" */;
			buildPhases = (
				5787147E2DE5CCBE00FEA5CD /* Sources */,
				5787147F2DE5CCBE00FEA5CD /* Frameworks */,
				578714802DE5CCBE00FEA5CD /* Resources */,
			);
			buildRules = (
			);
			dependencies = (
				578714842DE5CCBE00FEA5CD /* PBXTargetDependency */,
			);
			fileSystemSynchronizedGroups = (
				578714852DE5CCBE00FEA5CD /* KibleBulucuTests */,
			);
			name = KibleBulucuTests;
			packageProductDependencies = (
			);
			productName = KibleBulucuTests;
			productReference = 578714822DE5CCBE00FEA5CD /* KibleBulucuTests.xctest */;
			productType = "com.apple.product-type.bundle.unit-test";
		};
		5787148B2DE5CCBE00FEA5CD /* KibleBulucuUITests */ = {
			isa = PBXNativeTarget;
			buildConfigurationList = 5787149C2DE5CCBE00FEA5CD /* Build configuration list for PBXNativeTarget "KibleBulucuUITests" */;
			buildPhases = (
				578714882DE5CCBE00FEA5CD /* Sources */,
				578714892DE5CCBE00FEA5CD /* Frameworks */,
				5787148A2DE5CCBE00FEA5CD /* Resources */,
			);
			buildRules = (
			);
			dependencies = (
				5787148E2DE5CCBE00FEA5CD /* PBXTargetDependency */,
			);
			fileSystemSynchronizedGroups = (
				5787148F2DE5CCBE00FEA5CD /* KibleBulucuUITests */,
			);
			name = KibleBulucuUITests;
			packageProductDependencies = (
			);
			productName = KibleBulucuUITests;
			productReference = 5787148C2DE5CCBE00FEA5CD /* KibleBulucuUITests.xctest */;
			productType = "com.apple.product-type.bundle.ui-testing";
		};
/* End PBXNativeTarget section */

/* Begin PBXProject section */
		5787146D2DE5CCBC00FEA5CD /* Project object */ = {
			isa = PBXProject;
			attributes = {
				BuildIndependentTargetsInParallel = 1;
				LastSwiftUpdateCheck = 1630;
				LastUpgradeCheck = 1630;
				TargetAttributes = {
					578714742DE5CCBC00FEA5CD = {
						CreatedOnToolsVersion = 16.3;
					};
					578714812DE5CCBE00FEA5CD = {
						CreatedOnToolsVersion = 16.3;
						TestTargetID = 578714742DE5CCBC00FEA5CD;
					};
					5787148B2DE5CCBE00FEA5CD = {
						CreatedOnToolsVersion = 16.3;
						TestTargetID = 578714742DE5CCBC00FEA5CD;
					};
				};
			};
			buildConfigurationList = 578714702DE5CCBC00FEA5CD /* Build configuration list for PBXProject "KibleBulucu" */;
			developmentRegion = en;
			hasScannedForEncodings = 0;
			knownRegions = (
				en,
				Base,
			);
			mainGroup = 5787146C2DE5CCBC00FEA5CD;
			minimizedProjectReferenceProxies = 1;
			preferredProjectObjectVersion = 77;
			productRefGroup = 578714762DE5CCBC00FEA5CD /* Products */;
			projectDirPath = "";
			projectRoot = "";
			targets = (
				578714742DE5CCBC00FEA5CD /* KibleBulucu */,
				578714812DE5CCBE00FEA5CD /* KibleBulucuTests */,
				5787148B2DE5CCBE00FEA5CD /* KibleBulucuUITests */,
			);
		};
/* End PBXProject section */

/* Begin PBXResourcesBuildPhase section */
		578714732DE5CCBC00FEA5CD /* Resources */ = {
			isa = PBXResourcesBuildPhase;
			buildActionMask = 2147483647;
			files = (
			);
			runOnlyForDeploymentPostprocessing = 0;
		};
		578714802DE5CCBE00FEA5CD /* Resources */ = {
			isa = PBXResourcesBuildPhase;
			buildActionMask = 2147483647;
			files = (
			);
			runOnlyForDeploymentPostprocessing = 0;
		};
		5787148A2DE5CCBE00FEA5CD /* Resources */ = {
			isa = PBXResourcesBuildPhase;
			buildActionMask = 2147483647;
			files = (
			);
			runOnlyForDeploymentPostprocessing = 0;
		};
/* End PBXResourcesBuildPhase section */

/* Begin PBXSourcesBuildPhase section */
		578714712DE5CCBC00FEA5CD /* Sources */ = {
			isa = PBXSourcesBuildPhase;
			buildActionMask = 2147483647;
			files = (
			);
			runOnlyForDeploymentPostprocessing = 0;
		};
		5787147E2DE5CCBE00FEA5CD /* Sources */ = {
			isa = PBXSourcesBuildPhase;
			buildActionMask = 2147483647;
			files = (
			);
			runOnlyForDeploymentPostprocessing = 0;
		};
		578714882DE5CCBE00FEA5CD /* Sources */ = {
			isa = PBXSourcesBuildPhase;
			buildActionMask = 2147483647;
			files = (
			);
			runOnlyForDeploymentPostprocessing = 0;
		};
/* End PBXSourcesBuildPhase section */

/* Begin PBXTargetDependency section */
		578714842DE5CCBE00FEA5CD /* PBXTargetDependency */ = {
			isa = PBXTargetDependency;
			target = 578714742DE5CCBC00FEA5CD /* KibleBulucu */;
			targetProxy = 578714832DE5CCBE00FEA5CD /* PBXContainerItemProxy */;
		};
		5787148E2DE5CCBE00FEA5CD /* PBXTargetDependency */ = {
			isa = PBXTargetDependency;
			target = 578714742DE5CCBC00FEA5CD /* KibleBulucu */;
			targetProxy = 5787148D2DE5CCBE00FEA5CD /* PBXContainerItemProxy */;
		};
/* End PBXTargetDependency section */

/* Begin XCBuildConfiguration section */
		578714942DE5CCBE00FEA5CD /* Debug */ = {
			isa = XCBuildConfiguration;
			buildSettings = {
				ALWAYS_SEARCH_USER_PATHS = NO;
				ASSETCATALOG_COMPILER_GENERATE_SWIFT_ASSET_SYMBOL_EXTENSIONS = YES;
				CLANG_ANALYZER_NONNULL = YES;
				CLANG_ANALYZER_NUMBER_OBJECT_CONVERSION = YES_AGGRESSIVE;
				CLANG_CXX_LANGUAGE_STANDARD = "gnu++20";
				CLANG_ENABLE_MODULES = YES;
				CLANG_ENABLE_OBJC_ARC = YES;
				CLANG_ENABLE_OBJC_WEAK = YES;
				CLANG_WARN_BLOCK_CAPTURE_AUTORELEASING = YES;
				CLANG_WARN_BOOL_CONVERSION = YES;
				CLANG_WARN_COMMA = YES;
				CLANG_WARN_CONSTANT_CONVERSION = YES;
				CLANG_WARN_DEPRECATED_OBJC_IMPLEMENTATIONS = YES;
				CLANG_WARN_DIRECT_OBJC_ISA_USAGE = YES_ERROR;
				CLANG_WARN_DOCUMENTATION_COMMENTS = YES;
				CLANG_WARN_EMPTY_BODY = YES;
				CLANG_WARN_ENUM_CONVERSION = YES;
				CLANG_WARN_INFINITE_RECURSION = YES;
				CLANG_WARN_INT_CONVERSION = YES;
				CLANG_WARN_NON_LITERAL_NULL_CONVERSION = YES;
				CLANG_WARN_OBJC_IMPLICIT_RETAIN_SELF = YES;
				CLANG_WARN_OBJC_LITERAL_CONVERSION = YES;
				CLANG_WARN_OBJC_ROOT_CLASS = YES_ERROR;
				CLANG_WARN_QUOTED_INCLUDE_IN_FRAMEWORK_HEADER = YES;
				CLANG_WARN_RANGE_LOOP_ANALYSIS = YES;
				CLANG_WARN_STRICT_PROTOTYPES = YES;
				CLANG_WARN_SUSPICIOUS_MOVE = YES;
				CLANG_WARN_UNGUARDED_AVAILABILITY = YES_AGGRESSIVE;
				CLANG_WARN_UNREACHABLE_CODE = YES;
				CLANG_WARN__DUPLICATE_METHOD_MATCH = YES;
				COPY_PHASE_STRIP = NO;
				DEBUG_INFORMATION_FORMAT = dwarf;
				DEVELOPMENT_TEAM = WA8LP58XST;
				ENABLE_STRICT_OBJC_MSGSEND = YES;
				ENABLE_TESTABILITY = YES;
				ENABLE_USER_SCRIPT_SANDBOXING = YES;
				GCC_C_LANGUAGE_STANDARD = gnu17;
				GCC_DYNAMIC_NO_PIC = NO;
				GCC_NO_COMMON_BLOCKS = YES;
				GCC_OPTIMIZATION_LEVEL = 0;
				GCC_PREPROCESSOR_DEFINITIONS = (
					"DEBUG=1",
					"$(inherited)",
				);
				GCC_WARN_64_TO_32_BIT_CONVERSION = YES;
				GCC_WARN_ABOUT_RETURN_TYPE = YES_ERROR;
				GCC_WARN_UNDECLARED_SELECTOR = YES;
				GCC_WARN_UNINITIALIZED_AUTOS = YES_AGGRESSIVE;
				GCC_WARN_UNUSED_FUNCTION = YES;
				GCC_WARN_UNUSED_VARIABLE = YES;
				IPHONEOS_DEPLOYMENT_TARGET = 18.4;
				LOCALIZATION_PREFERS_STRING_CATALOGS = YES;
				MTL_ENABLE_DEBUG_INFO = INCLUDE_SOURCE;
				MTL_FAST_MATH = YES;
				ONLY_ACTIVE_ARCH = YES;
				SDKROOT = iphoneos;
				SWIFT_ACTIVE_COMPILATION_CONDITIONS = "DEBUG $(inherited)";
				SWIFT_OPTIMIZATION_LEVEL = "-Onone";
			};
			name = Debug;
		};
		578714952DE5CCBE00FEA5CD /* Release */ = {
			isa = XCBuildConfiguration;
			buildSettings = {
				ALWAYS_SEARCH_USER_PATHS = NO;
				ASSETCATALOG_COMPILER_GENERATE_SWIFT_ASSET_SYMBOL_EXTENSIONS = YES;
				CLANG_ANALYZER_NONNULL = YES;
				CLANG_ANALYZER_NUMBER_OBJECT_CONVERSION = YES_AGGRESSIVE;
				CLANG_CXX_LANGUAGE_STANDARD = "gnu++20";
				CLANG_ENABLE_MODULES = YES;
				CLANG_ENABLE_OBJC_ARC = YES;
				CLANG_ENABLE_OBJC_WEAK = YES;
				CLANG_WARN_BLOCK_CAPTURE_AUTORELEASING = YES;
				CLANG_WARN_BOOL_CONVERSION = YES;
				CLANG_WARN_COMMA = YES;
				CLANG_WARN_CONSTANT_CONVERSION = YES;
				CLANG_WARN_DEPRECATED_OBJC_IMPLEMENTATIONS = YES;
				CLANG_WARN_DIRECT_OBJC_ISA_USAGE = YES_ERROR;
				CLANG_WARN_DOCUMENTATION_COMMENTS = YES;
				CLANG_WARN_EMPTY_BODY = YES;
				CLANG_WARN_ENUM_CONVERSION = YES;
				CLANG_WARN_INFINITE_RECURSION = YES;
				CLANG_WARN_INT_CONVERSION = YES;
				CLANG_WARN_NON_LITERAL_NULL_CONVERSION = YES;
				CLANG_WARN_OBJC_IMPLICIT_RETAIN_SELF = YES;
				CLANG_WARN_OBJC_LITERAL_CONVERSION = YES;
				CLANG_WARN_OBJC_ROOT_CLASS = YES_ERROR;
				CLANG_WARN_QUOTED_INCLUDE_IN_FRAMEWORK_HEADER = YES;
				CLANG_WARN_RANGE_LOOP_ANALYSIS = YES;
				CLANG_WARN_STRICT_PROTOTYPES = YES;
				CLANG_WARN_SUSPICIOUS_MOVE = YES;
				CLANG_WARN_UNGUARDED_AVAILABILITY = YES_AGGRESSIVE;
				CLANG_WARN_UNREACHABLE_CODE = YES;
				CLANG_WARN__DUPLICATE_METHOD_MATCH = YES;
				COPY_PHASE_STRIP = NO;
				DEBUG_INFORMATION_FORMAT = "dwarf-with-dsym";
				DEVELOPMENT_TEAM = WA8LP58XST;
				ENABLE_NS_ASSERTIONS = NO;
				ENABLE_STRICT_OBJC_MSGSEND = YES;
				ENABLE_USER_SCRIPT_SANDBOXING = YES;
				GCC_C_LANGUAGE_STANDARD = gnu17;
				GCC_NO_COMMON_BLOCKS = YES;
				GCC_WARN_64_TO_32_BIT_CONVERSION = YES;
				GCC_WARN_ABOUT_RETURN_TYPE = YES_ERROR;
				GCC_WARN_UNDECLARED_SELECTOR = YES;
				GCC_WARN_UNINITIALIZED_AUTOS = YES_AGGRESSIVE;
				GCC_WARN_UNUSED_FUNCTION = YES;
				GCC_WARN_UNUSED_VARIABLE = YES;
				IPHONEOS_DEPLOYMENT_TARGET = 18.4;
				LOCALIZATION_PREFERS_STRING_CATALOGS = YES;
				MTL_ENABLE_DEBUG_INFO = NO;
				MTL_FAST_MATH = YES;
				SDKROOT = iphoneos;
				SWIFT_COMPILATION_MODE = wholemodule;
				VALIDATE_PRODUCT = YES;
			};
			name = Release;
		};
		578714972DE5CCBE00FEA5CD /* Debug */ = {
			isa = XCBuildConfiguration;
			buildSettings = {
				ASSETCATALOG_COMPILER_APPICON_NAME = AppIcon;
				ASSETCATALOG_COMPILER_GLOBAL_ACCENT_COLOR_NAME = AccentColor;
				ASSETCATALOG_COMPILER_INCLUDE_ALL_APPICON_ASSETS = NO;
				CODE_SIGN_STYLE = Automatic;
				CURRENT_PROJECT_VERSION = 1;
				DEVELOPMENT_TEAM = WA8LP58XST;
				ENABLE_PREVIEWS = YES;
				GENERATE_INFOPLIST_FILE = YES;
				INFOPLIST_KEY_CFBundleDisplayName = "Kıble Bulucu Reklamsız";
				INFOPLIST_KEY_LSApplicationCategoryType = "public.app-category.navigation";
				INFOPLIST_KEY_NSLocationWhenInUseUsageDescription = "Kıble yönünü belirlemek için konumunuz gereklidir.";
				INFOPLIST_KEY_UIApplicationSceneManifest_Generation = YES;
				INFOPLIST_KEY_UIApplicationSupportsIndirectInputEvents = YES;
				INFOPLIST_KEY_UILaunchScreen_Generation = YES;
				INFOPLIST_KEY_UIRequiredDeviceCapabilities = "location-services magnetometer";
				INFOPLIST_KEY_UISupportedInterfaceOrientations_iPad = "UIInterfaceOrientationPortrait UIInterfaceOrientationPortraitUpsideDown UIInterfaceOrientationLandscapeLeft UIInterfaceOrientationLandscapeRight";
				INFOPLIST_KEY_UISupportedInterfaceOrientations_iPhone = "UIInterfaceOrientationPortrait UIInterfaceOrientationLandscapeLeft UIInterfaceOrientationLandscapeRight";
				IPHONEOS_DEPLOYMENT_TARGET = 16.0;
				LD_RUNPATH_SEARCH_PATHS = (
					"$(inherited)",
					"@executable_path/Frameworks",
				);
				MARKETING_VERSION = 1.0;
				PRODUCT_BUNDLE_IDENTIFIER = com.yunuselci.KibleBulucu;
				PRODUCT_NAME = "$(TARGET_NAME)";
				SWIFT_EMIT_LOC_STRINGS = YES;
				SWIFT_VERSION = 5.0;
				TARGETED_DEVICE_FAMILY = "1,2";
			};
			name = Debug;
		};
		578714982DE5CCBE00FEA5CD /* Release */ = {
			isa = XCBuildConfiguration;
			buildSettings = {
				ASSETCATALOG_COMPILER_APPICON_NAME = AppIcon;
				ASSETCATALOG_COMPILER_GLOBAL_ACCENT_COLOR_NAME = AccentColor;
				ASSETCATALOG_COMPILER_INCLUDE_ALL_APPICON_ASSETS = NO;
				CODE_SIGN_STYLE = Automatic;
				CURRENT_PROJECT_VERSION = 1;
				DEVELOPMENT_TEAM = WA8LP58XST;
				ENABLE_PREVIEWS = YES;
				GENERATE_INFOPLIST_FILE = YES;
				INFOPLIST_KEY_CFBundleDisplayName = "Kıble Bulucu Reklamsız";
				INFOPLIST_KEY_LSApplicationCategoryType = "public.app-category.navigation";
				INFOPLIST_KEY_NSLocationWhenInUseUsageDescription = "Kıble yönünü belirlemek için konumunuz gereklidir.";
				INFOPLIST_KEY_UIApplicationSceneManifest_Generation = YES;
				INFOPLIST_KEY_UIApplicationSupportsIndirectInputEvents = YES;
				INFOPLIST_KEY_UILaunchScreen_Generation = YES;
				INFOPLIST_KEY_UIRequiredDeviceCapabilities = "location-services magnetometer";
				INFOPLIST_KEY_UISupportedInterfaceOrientations_iPad = "UIInterfaceOrientationPortrait UIInterfaceOrientationPortraitUpsideDown UIInterfaceOrientationLandscapeLeft UIInterfaceOrientationLandscapeRight";
				INFOPLIST_KEY_UISupportedInterfaceOrientations_iPhone = "UIInterfaceOrientationPortrait UIInterfaceOrientationLandscapeLeft UIInterfaceOrientationLandscapeRight";
				IPHONEOS_DEPLOYMENT_TARGET = 16.0;
				LD_RUNPATH_SEARCH_PATHS = (
					"$(inherited)",
					"@executable_path/Frameworks",
				);
				MARKETING_VERSION = 1.0;
				PRODUCT_BUNDLE_IDENTIFIER = com.yunuselci.KibleBulucu;
				PRODUCT_NAME = "$(TARGET_NAME)";
				SWIFT_EMIT_LOC_STRINGS = YES;
				SWIFT_VERSION = 5.0;
				TARGETED_DEVICE_FAMILY = "1,2";
			};
			name = Release;
		};
		5787149A2DE5CCBE00FEA5CD /* Debug */ = {
			isa = XCBuildConfiguration;
			buildSettings = {
				BUNDLE_LOADER = "$(TEST_HOST)";
				CODE_SIGN_STYLE = Automatic;
				CURRENT_PROJECT_VERSION = 1;
				DEVELOPMENT_TEAM = WA8LP58XST;
				GENERATE_INFOPLIST_FILE = YES;
				IPHONEOS_DEPLOYMENT_TARGET = 18.4;
				MARKETING_VERSION = 1.0;
				PRODUCT_BUNDLE_IDENTIFIER = com.yunuselci.KibleBulucuTests;
				PRODUCT_NAME = "$(TARGET_NAME)";
				SWIFT_EMIT_LOC_STRINGS = NO;
				SWIFT_VERSION = 5.0;
				TARGETED_DEVICE_FAMILY = "1,2";
				TEST_HOST = "$(BUILT_PRODUCTS_DIR)/KibleBulucu.app/$(BUNDLE_EXECUTABLE_FOLDER_PATH)/KibleBulucu";
			};
			name = Debug;
		};
		5787149B2DE5CCBE00FEA5CD /* Release */ = {
			isa = XCBuildConfiguration;
			buildSettings = {
				BUNDLE_LOADER = "$(TEST_HOST)";
				CODE_SIGN_STYLE = Automatic;
				CURRENT_PROJECT_VERSION = 1;
				DEVELOPMENT_TEAM = WA8LP58XST;
				GENERATE_INFOPLIST_FILE = YES;
				IPHONEOS_DEPLOYMENT_TARGET = 18.4;
				MARKETING_VERSION = 1.0;
				PRODUCT_BUNDLE_IDENTIFIER = com.yunuselci.KibleBulucuTests;
				PRODUCT_NAME = "$(TARGET_NAME)";
				SWIFT_EMIT_LOC_STRINGS = NO;
				SWIFT_VERSION = 5.0;
				TARGETED_DEVICE_FAMILY = "1,2";
				TEST_HOST = "$(BUILT_PRODUCTS_DIR)/KibleBulucu.app/$(BUNDLE_EXECUTABLE_FOLDER_PATH)/KibleBulucu";
			};
			name = Release;
		};
		5787149D2DE5CCBE00FEA5CD /* Debug */ = {
			isa = XCBuildConfiguration;
			buildSettings = {
				CODE_SIGN_STYLE = Automatic;
				CURRENT_PROJECT_VERSION = 1;
				DEVELOPMENT_TEAM = WA8LP58XST;
				GENERATE_INFOPLIST_FILE = YES;
				MARKETING_VERSION = 1.0;
				PRODUCT_BUNDLE_IDENTIFIER = com.yunuselci.KibleBulucuUITests;
				PRODUCT_NAME = "$(TARGET_NAME)";
				SWIFT_EMIT_LOC_STRINGS = NO;
				SWIFT_VERSION = 5.0;
				TARGETED_DEVICE_FAMILY = "1,2";
				TEST_TARGET_NAME = KibleBulucu;
			};
			name = Debug;
		};
		5787149E2DE5CCBE00FEA5CD /* Release */ = {
			isa = XCBuildConfiguration;
			buildSettings = {
				CODE_SIGN_STYLE = Automatic;
				CURRENT_PROJECT_VERSION = 1;
				DEVELOPMENT_TEAM = WA8LP58XST;
				GENERATE_INFOPLIST_FILE = YES;
				MARKETING_VERSION = 1.0;
				PRODUCT_BUNDLE_IDENTIFIER = com.yunuselci.KibleBulucuUITests;
				PRODUCT_NAME = "$(TARGET_NAME)";
				SWIFT_EMIT_LOC_STRINGS = NO;
				SWIFT_VERSION = 5.0;
				TARGETED_DEVICE_FAMILY = "1,2";
				TEST_TARGET_NAME = KibleBulucu;
			};
			name = Release;
		};
/* End XCBuildConfiguration section */

/* Begin XCConfigurationList section */
		578714702DE5CCBC00FEA5CD /* Build configuration list for PBXProject "KibleBulucu" */ = {
			isa = XCConfigurationList;
			buildConfigurations = (
				578714942DE5CCBE00FEA5CD /* Debug */,
				578714952DE5CCBE00FEA5CD /* Release */,
			);
			defaultConfigurationIsVisible = 0;
			defaultConfigurationName = Release;
		};
		578714962DE5CCBE00FEA5CD /* Build configuration list for PBXNativeTarget "KibleBulucu" */ = {
			isa = XCConfigurationList;
			buildConfigurations = (
				578714972DE5CCBE00FEA5CD /* Debug */,
				578714982DE5CCBE00FEA5CD /* Release */,
			);
			defaultConfigurationIsVisible = 0;
			defaultConfigurationName = Release;
		};
		578714992DE5CCBE00FEA5CD /* Build configuration list for PBXNativeTarget "KibleBulucuTests" */ = {
			isa = XCConfigurationList;
			buildConfigurations = (
				5787149A2DE5CCBE00FEA5CD /* Debug */,
				5787149B2DE5CCBE00FEA5CD /* Release */,
			);
			defaultConfigurationIsVisible = 0;
			defaultConfigurationName = Release;
		};
		5787149C2DE5CCBE00FEA5CD /* Build configuration list for PBXNativeTarget "KibleBulucuUITests" */ = {
			isa = XCConfigurationList;
			buildConfigurations = (
				5787149D2DE5CCBE00FEA5CD /* Debug */,
				5787149E2DE5CCBE00FEA5CD /* Release */,
			);
			defaultConfigurationIsVisible = 0;
			defaultConfigurationName = Release;
		};
/* End XCConfigurationList section */
	};
	rootObject = 5787146D2DE5CCBC00FEA5CD /* Project object */;
}
